
Microsoft Visual Studio Solution File, Format Version 12.00
# Visual Studio 15
VisualStudioVersion = 15.0.27130.2036
MinimumVisualStudioVersion = 10.0.40219.1
Project("{FAE04EC0-301F-11D3-BF4B-00C04F79EFBC}") = "Bot_Searcher", "Bot_Searcher\Bot_Searcher.csproj", "{0A3214C3-F1FD-4842-A30F-D75A9B93FF32}"
	ProjectSection(ProjectDependencies) = postProject
		{D301387B-F4B3-4AB7-8F75-3D700A19B004} = {D301387B-F4B3-4AB7-8F75-3D700A19B004}
	EndProjectSection
EndProject
Project("{FAE04EC0-301F-11D3-BF4B-00C04F79EFBC}") = "Bot_Room_Manager", "Bot_Room_Manager\Bot_Room_Manager.csproj", "{E316CC87-A33D-4B39-9FC5-900BD03B2140}"
	ProjectSection(ProjectDependencies) = postProject
		{D301387B-F4B3-4AB7-8F75-3D700A19B004} = {D301387B-F4B3-4AB7-8F75-3D700A19B004}
	EndProjectSection
EndProject
Project("{FAE04EC0-301F-11D3-BF4B-00C04F79EFBC}") = "Bot_Library", "BotLibrary\Bot_Library.csproj", "{D301387B-F4B3-4AB7-8F75-3D700A19B004}"
EndProject
Project("{FAE04EC0-301F-11D3-BF4B-00C04F79EFBC}") = "Bot_PaperBoy", "Bot_PaperBoy\Bot_PaperBoy.csproj", "{CC04E16B-C78A-4099-A147-1342FA70DCCE}"
	ProjectSection(ProjectDependencies) = postProject
		{D301387B-F4B3-4AB7-8F75-3D700A19B004} = {D301387B-F4B3-4AB7-8F75-3D700A19B004}
	EndProjectSection
EndProject
Project("{FAE04EC0-301F-11D3-BF4B-00C04F79EFBC}") = "Bot_Quiz", "Bot_Quiz\Bot_Quiz.csproj", "{C8061856-75B3-4339-96CD-FAB2F4777453}"
	ProjectSection(ProjectDependencies) = postProject
		{D301387B-F4B3-4AB7-8F75-3D700A19B004} = {D301387B-F4B3-4AB7-8F75-3D700A19B004}
	EndProjectSection
EndProject
Global
	GlobalSection(SolutionConfigurationPlatforms) = preSolution
		Debug|Any CPU = Debug|Any CPU
		Release|Any CPU = Release|Any CPU
	EndGlobalSection
	GlobalSection(ProjectConfigurationPlatforms) = postSolution
		{0A3214C3-F1FD-4842-A30F-D75A9B93FF32}.Debug|Any CPU.ActiveCfg = Debug|Any CPU
		{0A3214C3-F1FD-4842-A30F-D75A9B93FF32}.Debug|Any CPU.Build.0 = Debug|Any CPU
		{0A3214C3-F1FD-4842-A30F-D75A9B93FF32}.Release|Any CPU.ActiveCfg = Release|Any CPU
		{0A3214C3-F1FD-4842-A30F-D75A9B93FF32}.Release|Any CPU.Build.0 = Release|Any CPU
		{E316CC87-A33D-4B39-9FC5-900BD03B2140}.Debug|Any CPU.ActiveCfg = Debug|Any CPU
		{E316CC87-A33D-4B39-9FC5-900BD03B2140}.Debug|Any CPU.Build.0 = Debug|Any CPU
		{E316CC87-A33D-4B39-9FC5-900BD03B2140}.Release|Any CPU.ActiveCfg = Release|Any CPU
		{E316CC87-A33D-4B39-9FC5-900BD03B2140}.Release|Any CPU.Build.0 = Release|Any CPU
		{D301387B-F4B3-4AB7-8F75-3D700A19B004}.Debug|Any CPU.ActiveCfg = Debug|Any CPU
		{D301387B-F4B3-4AB7-8F75-3D700A19B004}.Debug|Any CPU.Build.0 = Debug|Any CPU
		{D301387B-F4B3-4AB7-8F75-3D700A19B004}.Release|Any CPU.ActiveCfg = Release|Any CPU
		{D301387B-F4B3-4AB7-8F75-3D700A19B004}.Release|Any CPU.Build.0 = Release|Any CPU
		{CC04E16B-C78A-4099-A147-1342FA70DCCE}.Debug|Any CPU.ActiveCfg = Debug|Any CPU
		{CC04E16B-C78A-4099-A147-1342FA70DCCE}.Debug|Any CPU.Build.0 = Debug|Any CPU
		{CC04E16B-C78A-4099-A147-1342FA70DCCE}.Release|Any CPU.ActiveCfg = Release|Any CPU
		{CC04E16B-C78A-4099-A147-1342FA70DCCE}.Release|Any CPU.Build.0 = Release|Any CPU
		{C8061856-75B3-4339-96CD-FAB2F4777453}.Debug|Any CPU.ActiveCfg = Debug|Any CPU
		{C8061856-75B3-4339-96CD-FAB2F4777453}.Debug|Any CPU.Build.0 = Debug|Any CPU
		{C8061856-75B3-4339-96CD-FAB2F4777453}.Release|Any CPU.ActiveCfg = Release|Any CPU
		{C8061856-75B3-4339-96CD-FAB2F4777453}.Release|Any CPU.Build.0 = Release|Any CPU
	EndGlobalSection
	GlobalSection(SolutionProperties) = preSolution
		HideSolutionNode = FALSE
	EndGlobalSection
	GlobalSection(ExtensibilityGlobals) = postSolution
		SolutionGuid = {28CC0ADC-1001-44E0-9047-B6B23FECF522}
	EndGlobalSection
EndGlobal
